// !$*UTF8*$!
{
	archiveVersion = 1;
	classes = {
	};
	objectVersion = 50;
	objects = {

/* Begin PBXBuildFile section */
		9427026721FD6E7F003F00BE /* sound in Resources */ = {isa = PBXBuildFile; fileRef = 9427026521FD6E7F003F00BE /* sound */; };
		9427026821FD6E7F003F00BE /* mushroom in Resources */ = {isa = PBXBuildFile; fileRef = 9427026621FD6E7F003F00BE /* mushroom */; };
		9427026B21FD7519003F00BE /* Monster.swift in Sources */ = {isa = PBXBuildFile; fileRef = 9427026A21FD7519003F00BE /* Monster.swift */; };
		9427026D21FE4024003F00BE /* hit in Resources */ = {isa = PBXBuildFile; fileRef = 9427026C21FE4024003F00BE /* hit */; };
		9427027021FE4407003F00BE /* JSONHelper.swift in Sources */ = {isa = PBXBuildFile; fileRef = 9427026F21FE4407003F00BE /* JSONHelper.swift */; };
		9427027221FE4668003F00BE /* images in Resources */ = {isa = PBXBuildFile; fileRef = 9427027121FE4668003F00BE /* images */; };
		9427027421FE467A003F00BE /* data in Resources */ = {isa = PBXBuildFile; fileRef = 9427027321FE467A003F00BE /* data */; };
		9427027621FE46D7003F00BE /* Level.swift in Sources */ = {isa = PBXBuildFile; fileRef = 9427027521FE46D7003F00BE /* Level.swift */; };
		944E413821FD1A99005B9A48 /* AppDelegate.swift in Sources */ = {isa = PBXBuildFile; fileRef = 944E413721FD1A99005B9A48 /* AppDelegate.swift */; };
		944E413E21FD1A99005B9A48 /* GameScene.swift in Sources */ = {isa = PBXBuildFile; fileRef = 944E413D21FD1A99005B9A48 /* GameScene.swift */; };
		944E414021FD1A99005B9A48 /* GameViewController.swift in Sources */ = {isa = PBXBuildFile; fileRef = 944E413F21FD1A99005B9A48 /* GameViewController.swift */; };
		944E414321FD1A99005B9A48 /* Main.storyboard in Resources */ = {isa = PBXBuildFile; fileRef = 944E414121FD1A99005B9A48 /* Main.storyboard */; };
		944E414521FD1A9A005B9A48 /* Assets.xcassets in Resources */ = {isa = PBXBuildFile; fileRef = 944E414421FD1A9A005B9A48 /* Assets.xcassets */; };
		944E414821FD1A9A005B9A48 /* LaunchScreen.storyboard in Resources */ = {isa = PBXBuildFile; fileRef = 944E414621FD1A9A005B9A48 /* LaunchScreen.storyboard */; };
/* End PBXBuildFile section */

/* Begin PBXFileReference section */
		9427026521FD6E7F003F00BE /* sound */ = {isa = PBXFileReference; lastKnownFileType = folder; path = sound; sourceTree = "<group>"; };
		9427026621FD6E7F003F00BE /* mushroom */ = {isa = PBXFileReference; lastKnownFileType = folder; path = mushroom; sourceTree = "<group>"; };
		9427026A21FD7519003F00BE /* Monster.swift */ = {isa = PBXFileReference; lastKnownFileType = sourcecode.swift; path = Monster.swift; sourceTree = "<group>"; };
		9427026C21FE4024003F00BE /* hit */ = {isa = PBXFileReference; lastKnownFileType = folder; path = hit; sourceTree = "<group>"; };
		9427026F21FE4407003F00BE /* JSONHelper.swift */ = {isa = PBXFileReference; lastKnownFileType = sourcecode.swift; path = JSONHelper.swift; sourceTree = "<group>"; };
		9427027121FE4668003F00BE /* images */ = {isa = PBXFileReference; lastKnownFileType = folder; path = images; sourceTree = "<group>"; };
		9427027321FE467A003F00BE /* data */ = {isa = PBXFileReference; lastKnownFileType = folder; path = data; sourceTree = "<group>"; };
		9427027521FE46D7003F00BE /* Level.swift */ = {isa = PBXFileReference; lastKnownFileType = sourcecode.swift; path = Level.swift; sourceTree = "<group>"; };
		944E413421FD1A99005B9A48 /* CrossoverBattles.app */ = {isa = PBXFileReference; explicitFileType = wrapper.application; includeInIndex = 0; path = CrossoverBattles.app; sourceTree = BUILT_PRODUCTS_DIR; };
		944E413721FD1A99005B9A48 /* AppDelegate.swift */ = {isa = PBXFileReference; lastKnownFileType = sourcecode.swift; path = AppDelegate.swift; sourceTree = "<group>"; };
		944E413D21FD1A99005B9A48 /* GameScene.swift */ = {isa = PBXFileReference; lastKnownFileType = sourcecode.swift; path = GameScene.swift; sourceTree = "<group>"; };
		944E413F21FD1A99005B9A48 /* GameViewController.swift */ = {isa = PBXFileReference; lastKnownFileType = sourcecode.swift; path = GameViewController.swift; sourceTree = "<group>"; };
		944E414221FD1A99005B9A48 /* Base */ = {isa = PBXFileReference; lastKnownFileType = file.storyboard; name = Base; path = Base.lproj/Main.storyboard; sourceTree = "<group>"; };
		944E414421FD1A9A005B9A48 /* Assets.xcassets */ = {isa = PBXFileReference; lastKnownFileType = folder.assetcatalog; path = Assets.xcassets; sourceTree = "<group>"; };
		944E414721FD1A9A005B9A48 /* Base */ = {isa = PBXFileReference; lastKnownFileType = file.storyboard; name = Base; path = Base.lproj/LaunchScreen.storyboard; sourceTree = "<group>"; };
		944E414921FD1A9A005B9A48 /* Info.plist */ = {isa = PBXFileReference; lastKnownFileType = text.plist.xml; path = Info.plist; sourceTree = "<group>"; };
/* End PBXFileReference section */

/* Begin PBXFrameworksBuildPhase section */
		944E413121FD1A99005B9A48 /* Frameworks */ = {
			isa = PBXFrameworksBuildPhase;
			buildActionMask = 2147483647;
			files = (
			);
			runOnlyForDeploymentPostprocessing = 0;
		};
/* End PBXFrameworksBuildPhase section */

/* Begin PBXGroup section */
		9427026921FD74F1003F00BE /* Models */ = {
			isa = PBXGroup;
			children = (
				9427026A21FD7519003F00BE /* Monster.swift */,
				9427027521FE46D7003F00BE /* Level.swift */,
			);
			path = Models;
			sourceTree = "<group>";
		};
		9427026E21FE43F6003F00BE /* Helpers */ = {
			isa = PBXGroup;
			children = (
				9427026F21FE4407003F00BE /* JSONHelper.swift */,
			);
			path = Helpers;
			sourceTree = "<group>";
		};
		944E412B21FD1A99005B9A48 = {
			isa = PBXGroup;
			children = (
				944E413621FD1A99005B9A48 /* MapleRage */,
				944E413521FD1A99005B9A48 /* Products */,
			);
			sourceTree = "<group>";
		};
		944E413521FD1A99005B9A48 /* Products */ = {
			isa = PBXGroup;
			children = (
				944E413421FD1A99005B9A48 /* CrossoverBattles.app */,
			);
			name = Products;
			sourceTree = "<group>";
		};
		944E413621FD1A99005B9A48 /* MapleRage */ = {
			isa = PBXGroup;
			children = (
				9427027321FE467A003F00BE /* data */,
				9427027121FE4668003F00BE /* images */,
				9427026E21FE43F6003F00BE /* Helpers */,
				9427026C21FE4024003F00BE /* hit */,
				9427026921FD74F1003F00BE /* Models */,
				9427026621FD6E7F003F00BE /* mushroom */,
				9427026521FD6E7F003F00BE /* sound */,
				944E413721FD1A99005B9A48 /* AppDelegate.swift */,
				944E413D21FD1A99005B9A48 /* GameScene.swift */,
				944E413F21FD1A99005B9A48 /* GameViewController.swift */,
				944E414121FD1A99005B9A48 /* Main.storyboard */,
				944E414421FD1A9A005B9A48 /* Assets.xcassets */,
				944E414621FD1A9A005B9A48 /* LaunchScreen.storyboard */,
				944E414921FD1A9A005B9A48 /* Info.plist */,
			);
			path = MapleRage;
			sourceTree = "<group>";
		};
/* End PBXGroup section */

/* Begin PBXNativeTarget section */
		944E413321FD1A99005B9A48 /* CrossoverBattles */ = {
			isa = PBXNativeTarget;
			buildConfigurationList = 944E414C21FD1A9A005B9A48 /* Build configuration list for PBXNativeTarget "CrossoverBattles" */;
			buildPhases = (
				944E413021FD1A99005B9A48 /* Sources */,
				944E413121FD1A99005B9A48 /* Frameworks */,
				944E413221FD1A99005B9A48 /* Resources */,
			);
			buildRules = (
			);
			dependencies = (
			);
			name = CrossoverBattles;
			productName = MapleRage;
			productReference = 944E413421FD1A99005B9A48 /* CrossoverBattles.app */;
			productType = "com.apple.product-type.application";
		};
/* End PBXNativeTarget section */

/* Begin PBXProject section */
		944E412C21FD1A99005B9A48 /* Project object */ = {
			isa = PBXProject;
			attributes = {
				LastSwiftUpdateCheck = 1010;
				LastUpgradeCheck = 1010;
				ORGANIZATIONNAME = "Patrick Lai";
				TargetAttributes = {
					944E413321FD1A99005B9A48 = {
						CreatedOnToolsVersion = 10.1;
					};
				};
			};
			buildConfigurationList = 944E412F21FD1A99005B9A48 /* Build configuration list for PBXProject "CrossoverBattles" */;
			compatibilityVersion = "Xcode 9.3";
			developmentRegion = en;
			hasScannedForEncodings = 0;
			knownRegions = (
				en,
				Base,
			);
			mainGroup = 944E412B21FD1A99005B9A48;
			productRefGroup = 944E413521FD1A99005B9A48 /* Products */;
			projectDirPath = "";
			projectRoot = "";
			targets = (
				944E413321FD1A99005B9A48 /* CrossoverBattles */,
			);
		};
/* End PBXProject section */

/* Begin PBXResourcesBuildPhase section */
		944E413221FD1A99005B9A48 /* Resources */ = {
			isa = PBXResourcesBuildPhase;
			buildActionMask = 2147483647;
			files = (
				9427026D21FE4024003F00BE /* hit in Resources */,
				944E414321FD1A99005B9A48 /* Main.storyboard in Resources */,
				944E414521FD1A9A005B9A48 /* Assets.xcassets in Resources */,
				9427026821FD6E7F003F00BE /* mushroom in Resources */,
				9427026721FD6E7F003F00BE /* sound in Resources */,
				9427027221FE4668003F00BE /* images in Resources */,
				9427027421FE467A003F00BE /* data in Resources */,
				944E414821FD1A9A005B9A48 /* LaunchScreen.storyboard in Resources */,
			);
			runOnlyForDeploymentPostprocessing = 0;
		};
/* End PBXResourcesBuildPhase section */

/* Begin PBXSourcesBuildPhase section */
		944E413021FD1A99005B9A48 /* Sources */ = {
			isa = PBXSourcesBuildPhase;
			buildActionMask = 2147483647;
			files = (
				9427027621FE46D7003F00BE /* Level.swift in Sources */,
				9427026B21FD7519003F00BE /* Monster.swift in Sources */,
				944E413E21FD1A99005B9A48 /* GameScene.swift in Sources */,
				944E414021FD1A99005B9A48 /* GameViewController.swift in Sources */,
				944E413821FD1A99005B9A48 /* AppDelegate.swift in Sources */,
				9427027021FE4407003F00BE /* JSONHelper.swift in Sources */,
			);
			runOnlyForDeploymentPostprocessing = 0;
		};
/* End PBXSourcesBuildPhase section */

/* Begin PBXVariantGroup section */
		944E414121FD1A99005B9A48 /* Main.storyboard */ = {
			isa = PBXVariantGroup;
			children = (
				944E414221FD1A99005B9A48 /* Base */,
			);
			name = Main.storyboard;
			sourceTree = "<group>";
		};
		944E414621FD1A9A005B9A48 /* LaunchScreen.storyboard */ = {
			isa = PBXVariantGroup;
			children = (
				944E414721FD1A9A005B9A48 /* Base */,
			);
			name = LaunchScreen.storyboard;
			sourceTree = "<group>";
		};
/* End PBXVariantGroup section */

/* Begin XCBuildConfiguration section */
		944E414A21FD1A9A005B9A48 /* Debug */ = {
			isa = XCBuildConfiguration;
			buildSettings = {
				ALWAYS_SEARCH_USER_PATHS = NO;
				CLANG_ANALYZER_NONNULL = YES;
				CLANG_ANALYZER_NUMBER_OBJECT_CONVERSION = YES_AGGRESSIVE;
				CLANG_CXX_LANGUAGE_STANDARD = "gnu++14";
				CLANG_CXX_LIBRARY = "libc++";
				CLANG_ENABLE_MODULES = YES;
				CLANG_ENABLE_OBJC_ARC = YES;
				CLANG_ENABLE_OBJC_WEAK = YES;
				CLANG_WARN_BLOCK_CAPTURE_AUTORELEASING = YES;
				CLANG_WARN_BOOL_CONVERSION = YES;
				CLANG_WARN_COMMA = YES;
				CLANG_WARN_CONSTANT_CONVERSION = YES;
				CLANG_WARN_DEPRECATED_OBJC_IMPLEMENTATIONS = YES;
				CLANG_WARN_DIRECT_OBJC_ISA_USAGE = YES_ERROR;
				CLANG_WARN_DOCUMENTATION_COMMENTS = YES;
				CLANG_WARN_EMPTY_BODY = YES;
				CLANG_WARN_ENUM_CONVERSION = YES;
				CLANG_WARN_INFINITE_RECURSION = YES;
				CLANG_WARN_INT_CONVERSION = YES;
				CLANG_WARN_NON_LITERAL_NULL_CONVERSION = YES;
				CLANG_WARN_OBJC_IMPLICIT_RETAIN_SELF = YES;
				CLANG_WARN_OBJC_LITERAL_CONVERSION = YES;
				CLANG_WARN_OBJC_ROOT_CLASS = YES_ERROR;
				CLANG_WARN_RANGE_LOOP_ANALYSIS = YES;
				CLANG_WARN_STRICT_PROTOTYPES = YES;
				CLANG_WARN_SUSPICIOUS_MOVE = YES;
				CLANG_WARN_UNGUARDED_AVAILABILITY = YES_AGGRESSIVE;
				CLANG_WARN_UNREACHABLE_CODE = YES;
				CLANG_WARN__DUPLICATE_METHOD_MATCH = YES;
				CODE_SIGN_IDENTITY = "iPhone Developer";
				COPY_PHASE_STRIP = NO;
				DEBUG_INFORMATION_FORMAT = dwarf;
				ENABLE_STRICT_OBJC_MSGSEND = YES;
				ENABLE_TESTABILITY = YES;
				GCC_C_LANGUAGE_STANDARD = gnu11;
				GCC_DYNAMIC_NO_PIC = NO;
				GCC_NO_COMMON_BLOCKS = YES;
				GCC_OPTIMIZATION_LEVEL = 0;
				GCC_PREPROCESSOR_DEFINITIONS = (
					"DEBUG=1",
					"$(inherited)",
				);
				GCC_WARN_64_TO_32_BIT_CONVERSION = YES;
				GCC_WARN_ABOUT_RETURN_TYPE = YES_ERROR;
				GCC_WARN_UNDECLARED_SELECTOR = YES;
				GCC_WARN_UNINITIALIZED_AUTOS = YES_AGGRESSIVE;
				GCC_WARN_UNUSED_FUNCTION = YES;
				GCC_WARN_UNUSED_VARIABLE = YES;
				IPHONEOS_DEPLOYMENT_TARGET = 12.1;
				MTL_ENABLE_DEBUG_INFO = INCLUDE_SOURCE;
				MTL_FAST_MATH = YES;
				ONLY_ACTIVE_ARCH = YES;
				SDKROOT = iphoneos;
				SWIFT_ACTIVE_COMPILATION_CONDITIONS = DEBUG;
				SWIFT_OPTIMIZATION_LEVEL = "-Onone";
			};
			name = Debug;
		};
		944E414B21FD1A9A005B9A48 /* Release */ = {
			isa = XCBuildConfiguration;
			buildSettings = {
				ALWAYS_SEARCH_USER_PATHS = NO;
				CLANG_ANALYZER_NONNULL = YES;
				CLANG_ANALYZER_NUMBER_OBJECT_CONVERSION = YES_AGGRESSIVE;
				CLANG_CXX_LANGUAGE_STANDARD = "gnu++14";
				CLANG_CXX_LIBRARY = "libc++";
				CLANG_ENABLE_MODULES = YES;
				CLANG_ENABLE_OBJC_ARC = YES;
				CLANG_ENABLE_OBJC_WEAK = YES;
				CLANG_WARN_BLOCK_CAPTURE_AUTORELEASING = YES;
				CLANG_WARN_BOOL_CONVERSION = YES;
				CLANG_WARN_COMMA = YES;
				CLANG_WARN_CONSTANT_CONVERSION = YES;
				CLANG_WARN_DEPRECATED_OBJC_IMPLEMENTATIONS = YES;
				CLANG_WARN_DIRECT_OBJC_ISA_USAGE = YES_ERROR;
				CLANG_WARN_DOCUMENTATION_COMMENTS = YES;
				CLANG_WARN_EMPTY_BODY = YES;
				CLANG_WARN_ENUM_CONVERSION = YES;
				CLANG_WARN_INFINITE_RECURSION = YES;
				CLANG_WARN_INT_CONVERSION = YES;
				CLANG_WARN_NON_LITERAL_NULL_CONVERSION = YES;
				CLANG_WARN_OBJC_IMPLICIT_RETAIN_SELF = YES;
				CLANG_WARN_OBJC_LITERAL_CONVERSION = YES;
				CLANG_WARN_OBJC_ROOT_CLASS = YES_ERROR;
				CLANG_WARN_RANGE_LOOP_ANALYSIS = YES;
				CLANG_WARN_STRICT_PROTOTYPES = YES;
				CLANG_WARN_SUSPICIOUS_MOVE = YES;
				CLANG_WARN_UNGUARDED_AVAILABILITY = YES_AGGRESSIVE;
				CLANG_WARN_UNREACHABLE_CODE = YES;
				CLANG_WARN__DUPLICATE_METHOD_MATCH = YES;
				CODE_SIGN_IDENTITY = "iPhone Developer";
				COPY_PHASE_STRIP = NO;
				DEBUG_INFORMATION_FORMAT = "dwarf-with-dsym";
				ENABLE_NS_ASSERTIONS = NO;
				ENABLE_STRICT_OBJC_MSGSEND = YES;
				GCC_C_LANGUAGE_STANDARD = gnu11;
				GCC_NO_COMMON_BLOCKS = YES;
				GCC_WARN_64_TO_32_BIT_CONVERSION = YES;
				GCC_WARN_ABOUT_RETURN_TYPE = YES_ERROR;
				GCC_WARN_UNDECLARED_SELECTOR = YES;
				GCC_WARN_UNINITIALIZED_AUTOS = YES_AGGRESSIVE;
				GCC_WARN_UNUSED_FUNCTION = YES;
				GCC_WARN_UNUSED_VARIABLE = YES;
				IPHONEOS_DEPLOYMENT_TARGET = 12.1;
				MTL_ENABLE_DEBUG_INFO = NO;
				MTL_FAST_MATH = YES;
				SDKROOT = iphoneos;
				SWIFT_COMPILATION_MODE = wholemodule;
				SWIFT_OPTIMIZATION_LEVEL = "-O";
				VALIDATE_PRODUCT = YES;
			};
			name = Release;
		};
		944E414D21FD1A9A005B9A48 /* Debug */ = {
			isa = XCBuildConfiguration;
			buildSettings = {
				ASSETCATALOG_COMPILER_APPICON_NAME = AppIcon;
				CODE_SIGN_STYLE = Automatic;
				DEVELOPMENT_TEAM = HN9Y7LP98L;
				INFOPLIST_FILE = MapleRage/Info.plist;
				LD_RUNPATH_SEARCH_PATHS = (
					"$(inherited)",
					"@executable_path/Frameworks",
				);
				PRODUCT_BUNDLE_IDENTIFIER = PP.CrossoverBattles;
				PRODUCT_NAME = "$(TARGET_NAME)";
				SWIFT_VERSION = 4.2;
				TARGETED_DEVICE_FAMILY = "1,2";
			};
			name = Debug;
		};
		944E414E21FD1A9A005B9A48 /* Release */ = {
			isa = XCBuildConfiguration;
			buildSettings = {
				ASSETCATALOG_COMPILER_APPICON_NAME = AppIcon;
				CODE_SIGN_STYLE = Automatic;
				DEVELOPMENT_TEAM = HN9Y7LP98L;
				INFOPLIST_FILE = MapleRage/Info.plist;
				LD_RUNPATH_SEARCH_PATHS = (
					"$(inherited)",
					"@executable_path/Frameworks",
				);
				PRODUCT_BUNDLE_IDENTIFIER = PP.CrossoverBattles;
				PRODUCT_NAME = "$(TARGET_NAME)";
				SWIFT_VERSION = 4.2;
				TARGETED_DEVICE_FAMILY = "1,2";
			};
			name = Release;
		};
/* End XCBuildConfiguration section */

/* Begin XCConfigurationList section */
		944E412F21FD1A99005B9A48 /* Build configuration list for PBXProject "CrossoverBattles" */ = {
			isa = XCConfigurationList;
			buildConfigurations = (
				944E414A21FD1A9A005B9A48 /* Debug */,
				944E414B21FD1A9A005B9A48 /* Release */,
			);
			defaultConfigurationIsVisible = 0;
			defaultConfigurationName = Release;
		};
		944E414C21FD1A9A005B9A48 /* Build configuration list for PBXNativeTarget "CrossoverBattles" */ = {
			isa = XCConfigurationList;
			buildConfigurations = (
				944E414D21FD1A9A005B9A48 /* Debug */,
				944E414E21FD1A9A005B9A48 /* Release */,
			);
			defaultConfigurationIsVisible = 0;
			defaultConfigurationName = Release;
		};
/* End XCConfigurationList section */
	};
	rootObject = 944E412C21FD1A99005B9A48 /* Project object */;
}
